{
  "requires": true,
  "lockfileVersion": 1,
  "dependencies": {
    "vee-validate": {
      "version": "4.4.11",
      "resolved": "https://registry.npmmirror.com/vee-validate/download/vee-validate-4.4.11.tgz?cache=0&sync_timestamp=1637114190034&other_urls=https%3A%2F%2Fregistry.npmmirror.com%2Fvee-validate%2Fdownload%2Fvee-validate-4.4.11.tgz",
      "integrity": "sha1-SXQ3WIos3lVIwrR5gFzN0lNM9LY="
    }
  }
}
